
Microsoft Visual Studio Solution File, Format Version 12.00
# Visual Studio Version 17
VisualStudioVersion = 17.11.35327.3
MinimumVisualStudioVersion = 10.0.40219.1
Project("{FAE04EC0-301F-11D3-BF4B-00C04F79EFBC}") = "ecommerce", "ecommerce\ecommerce.csproj", "{B906990D-74B4-4E3C-A845-8C897A551FFB}"
EndProject
Global
	GlobalSection(SolutionConfigurationPlatforms) = preSolution
		Debug|Any CPU = Debug|Any CPU
		Release|Any CPU = Release|Any CPU
	EndGlobalSection
	GlobalSection(ProjectConfigurationPlatforms) = postSolution
		{B906990D-74B4-4E3C-A845-8C897A551FFB}.Debug|Any CPU.ActiveCfg = Debug|Any CPU
		{B906990D-74B4-4E3C-A845-8C897A551FFB}.Debug|Any CPU.Build.0 = Debug|Any CPU
		{B906990D-74B4-4E3C-A845-8C897A551FFB}.Release|Any CPU.ActiveCfg = Release|Any CPU
		{B906990D-74B4-4E3C-A845-8C897A551FFB}.Release|Any CPU.Build.0 = Release|Any CPU
	EndGlobalSection
	GlobalSection(SolutionProperties) = preSolution
		HideSolutionNode = FALSE
	EndGlobalSection
	GlobalSection(ExtensibilityGlobals) = postSolution
		SolutionGuid = {3A651D11-7436-4237-8947-23F52064F17B}
	EndGlobalSection
EndGlobal
